
Microsoft Visual Studio Solution File, Format Version 12.00
# Visual Studio Version 17
VisualStudioVersion = 17.2.32519.379
MinimumVisualStudioVersion = 10.0.40219.1
Project("{9A19103F-16F7-4668-BE54-9A1E7A4F7556}") = "SmbMonitor.Domain", "SmbMonitor.Domain\SmbMonitor.Domain.csproj", "{4CBDD5C3-41AA-453D-AA7C-768E18AADC72}"
EndProject
Project("{9A19103F-16F7-4668-BE54-9A1E7A4F7556}") = "SmbMonitor.Base", "SmbMonitor.Base\SmbMonitor.Base.csproj", "{CDEC9467-9872-42FE-8F8E-B91BE20F8234}"
EndProject
Project("{9A19103F-16F7-4668-BE54-9A1E7A4F7556}") = "SmbMonitor.NativeApi", "SmbMonitor.NativeApi\SmbMonitor.NativeApi.csproj", "{9862C9E2-FECB-4AFF-9015-043C68FD9FDC}"
EndProject
Project("{9A19103F-16F7-4668-BE54-9A1E7A4F7556}") = "SMBMonitor.Domain.Tests", "SMBMonitor.Domain.Tests\SMBMonitor.Domain.Tests.csproj", "{83807F63-BC8E-44E5-A648-728F4F28E8FC}"
EndProject
Project("{9A19103F-16F7-4668-BE54-9A1E7A4F7556}") = "SmbMonitor.App", "SmbMonitor.App\SmbMonitor.App.csproj", "{B800901E-3189-49A2-840E-B1064101DADA}"
EndProject
Project("{9A19103F-16F7-4668-BE54-9A1E7A4F7556}") = "MahApps.Metro", "..\GitHub\MahApps.Metro\src\MahApps.Metro\MahApps.Metro.csproj", "{8403B150-DA67-45E8-B88D-6514D29A4B30}"
EndProject
Global
	GlobalSection(SolutionConfigurationPlatforms) = preSolution
		Debug|Any CPU = Debug|Any CPU
		Release|Any CPU = Release|Any CPU
	EndGlobalSection
	GlobalSection(ProjectConfigurationPlatforms) = postSolution
		{4CBDD5C3-41AA-453D-AA7C-768E18AADC72}.Debug|Any CPU.ActiveCfg = Debug|Any CPU
		{4CBDD5C3-41AA-453D-AA7C-768E18AADC72}.Debug|Any CPU.Build.0 = Debug|Any CPU
		{4CBDD5C3-41AA-453D-AA7C-768E18AADC72}.Release|Any CPU.ActiveCfg = Release|Any CPU
		{4CBDD5C3-41AA-453D-AA7C-768E18AADC72}.Release|Any CPU.Build.0 = Release|Any CPU
		{CDEC9467-9872-42FE-8F8E-B91BE20F8234}.Debug|Any CPU.ActiveCfg = Debug|Any CPU
		{CDEC9467-9872-42FE-8F8E-B91BE20F8234}.Debug|Any CPU.Build.0 = Debug|Any CPU
		{CDEC9467-9872-42FE-8F8E-B91BE20F8234}.Release|Any CPU.ActiveCfg = Release|Any CPU
		{CDEC9467-9872-42FE-8F8E-B91BE20F8234}.Release|Any CPU.Build.0 = Release|Any CPU
		{9862C9E2-FECB-4AFF-9015-043C68FD9FDC}.Debug|Any CPU.ActiveCfg = Debug|Any CPU
		{9862C9E2-FECB-4AFF-9015-043C68FD9FDC}.Debug|Any CPU.Build.0 = Debug|Any CPU
		{9862C9E2-FECB-4AFF-9015-043C68FD9FDC}.Release|Any CPU.ActiveCfg = Release|Any CPU
		{9862C9E2-FECB-4AFF-9015-043C68FD9FDC}.Release|Any CPU.Build.0 = Release|Any CPU
		{83807F63-BC8E-44E5-A648-728F4F28E8FC}.Debug|Any CPU.ActiveCfg = Debug|Any CPU
		{83807F63-BC8E-44E5-A648-728F4F28E8FC}.Debug|Any CPU.Build.0 = Debug|Any CPU
		{83807F63-BC8E-44E5-A648-728F4F28E8FC}.Release|Any CPU.ActiveCfg = Release|Any CPU
		{83807F63-BC8E-44E5-A648-728F4F28E8FC}.Release|Any CPU.Build.0 = Release|Any CPU
		{B800901E-3189-49A2-840E-B1064101DADA}.Debug|Any CPU.ActiveCfg = Debug|Any CPU
		{B800901E-3189-49A2-840E-B1064101DADA}.Debug|Any CPU.Build.0 = Debug|Any CPU
		{B800901E-3189-49A2-840E-B1064101DADA}.Release|Any CPU.ActiveCfg = Release|Any CPU
		{B800901E-3189-49A2-840E-B1064101DADA}.Release|Any CPU.Build.0 = Release|Any CPU
		{8403B150-DA67-45E8-B88D-6514D29A4B30}.Debug|Any CPU.ActiveCfg = Debug|Any CPU
		{8403B150-DA67-45E8-B88D-6514D29A4B30}.Debug|Any CPU.Build.0 = Debug|Any CPU
		{8403B150-DA67-45E8-B88D-6514D29A4B30}.Release|Any CPU.ActiveCfg = Release|Any CPU
		{8403B150-DA67-45E8-B88D-6514D29A4B30}.Release|Any CPU.Build.0 = Release|Any CPU
	EndGlobalSection
	GlobalSection(SolutionProperties) = preSolution
		HideSolutionNode = FALSE
	EndGlobalSection
	GlobalSection(ExtensibilityGlobals) = postSolution
		SolutionGuid = {3519AD71-14A8-48F5-B136-BA163EAAA2F1}
	EndGlobalSection
EndGlobal
