
Microsoft Visual Studio Solution File, Format Version 12.00
# Visual Studio Version 17
VisualStudioVersion = 17.2.32519.379
MinimumVisualStudioVersion = 10.0.40219.1
Project("{9A19103F-16F7-4668-BE54-9A1E7A4F7556}") = "SMBMonitorLib", "SMBMonitorLib\SMBMonitorLib.csproj", "{4CBDD5C3-41AA-453D-AA7C-768E18AADC72}"
EndProject
Project("{9A19103F-16F7-4668-BE54-9A1E7A4F7556}") = "Forms", "Forms\Forms.csproj", "{B0AF0883-C388-406F-A6F3-11167EE2A8B9}"
EndProject
Project("{FAE04EC0-301F-11D3-BF4B-00C04F79EFBC}") = "SmbMonitor", "SmbMonitor\SmbMonitor.csproj", "{52FF3D0E-4F5B-486A-A33C-DDE0E2CB1C31}"
EndProject
Global
	GlobalSection(SolutionConfigurationPlatforms) = preSolution
		Debug|Any CPU = Debug|Any CPU
		Release|Any CPU = Release|Any CPU
	EndGlobalSection
	GlobalSection(ProjectConfigurationPlatforms) = postSolution
		{4CBDD5C3-41AA-453D-AA7C-768E18AADC72}.Debug|Any CPU.ActiveCfg = Debug|Any CPU
		{4CBDD5C3-41AA-453D-AA7C-768E18AADC72}.Debug|Any CPU.Build.0 = Debug|Any CPU
		{4CBDD5C3-41AA-453D-AA7C-768E18AADC72}.Release|Any CPU.ActiveCfg = Release|Any CPU
		{4CBDD5C3-41AA-453D-AA7C-768E18AADC72}.Release|Any CPU.Build.0 = Release|Any CPU
		{B0AF0883-C388-406F-A6F3-11167EE2A8B9}.Debug|Any CPU.ActiveCfg = Debug|Any CPU
		{B0AF0883-C388-406F-A6F3-11167EE2A8B9}.Debug|Any CPU.Build.0 = Debug|Any CPU
		{B0AF0883-C388-406F-A6F3-11167EE2A8B9}.Release|Any CPU.ActiveCfg = Release|Any CPU
		{B0AF0883-C388-406F-A6F3-11167EE2A8B9}.Release|Any CPU.Build.0 = Release|Any CPU
		{52FF3D0E-4F5B-486A-A33C-DDE0E2CB1C31}.Debug|Any CPU.ActiveCfg = Debug|Any CPU
		{52FF3D0E-4F5B-486A-A33C-DDE0E2CB1C31}.Debug|Any CPU.Build.0 = Debug|Any CPU
		{52FF3D0E-4F5B-486A-A33C-DDE0E2CB1C31}.Release|Any CPU.ActiveCfg = Release|Any CPU
		{52FF3D0E-4F5B-486A-A33C-DDE0E2CB1C31}.Release|Any CPU.Build.0 = Release|Any CPU
	EndGlobalSection
	GlobalSection(SolutionProperties) = preSolution
		HideSolutionNode = FALSE
	EndGlobalSection
	GlobalSection(ExtensibilityGlobals) = postSolution
		SolutionGuid = {3519AD71-14A8-48F5-B136-BA163EAAA2F1}
	EndGlobalSection
EndGlobal
