
Microsoft Visual Studio Solution File, Format Version 12.00
# Visual Studio Version 17
VisualStudioVersion = 17.2.32519.379
MinimumVisualStudioVersion = 10.0.40219.1
Project("{9A19103F-16F7-4668-BE54-9A1E7A4F7556}") = "SMBMonitorLib", "SMBMonitorLib.csproj", "{8A6E640A-2E7D-4F87-80E2-472C99CDE9A7}"
EndProject
Global
	GlobalSection(SolutionConfigurationPlatforms) = preSolution
		Debug|Any CPU = Debug|Any CPU
		Release|Any CPU = Release|Any CPU
	EndGlobalSection
	GlobalSection(ProjectConfigurationPlatforms) = postSolution
		{8A6E640A-2E7D-4F87-80E2-472C99CDE9A7}.Debug|Any CPU.ActiveCfg = Debug|Any CPU
		{8A6E640A-2E7D-4F87-80E2-472C99CDE9A7}.Debug|Any CPU.Build.0 = Debug|Any CPU
		{8A6E640A-2E7D-4F87-80E2-472C99CDE9A7}.Release|Any CPU.ActiveCfg = Release|Any CPU
		{8A6E640A-2E7D-4F87-80E2-472C99CDE9A7}.Release|Any CPU.Build.0 = Release|Any CPU
	EndGlobalSection
	GlobalSection(SolutionProperties) = preSolution
		HideSolutionNode = FALSE
	EndGlobalSection
	GlobalSection(ExtensibilityGlobals) = postSolution
		SolutionGuid = {637D5825-505B-4723-A0A3-646EA10379E3}
	EndGlobalSection
EndGlobal
