
Microsoft Visual Studio Solution File, Format Version 12.00
# Visual Studio Version 17
VisualStudioVersion = 17.2.32519.379
MinimumVisualStudioVersion = 10.0.40219.1
Project("{9A19103F-16F7-4668-BE54-9A1E7A4F7556}") = "SMBMonitor", "SMBMonitor.csproj", "{5BD08239-325C-46DB-9F12-A8E7F4123F86}"
	ProjectSection(ProjectDependencies) = postProject
		{4CBDD5C3-41AA-453D-AA7C-768E18AADC72} = {4CBDD5C3-41AA-453D-AA7C-768E18AADC72}
	EndProjectSection
EndProject
Project("{9A19103F-16F7-4668-BE54-9A1E7A4F7556}") = "SMBMonitorLib", "..\SMBMonitorLib\SMBMonitorLib.csproj", "{4CBDD5C3-41AA-453D-AA7C-768E18AADC72}"
EndProject
Global
	GlobalSection(SolutionConfigurationPlatforms) = preSolution
		Debug|Any CPU = Debug|Any CPU
		Release|Any CPU = Release|Any CPU
	EndGlobalSection
	GlobalSection(ProjectConfigurationPlatforms) = postSolution
		{5BD08239-325C-46DB-9F12-A8E7F4123F86}.Debug|Any CPU.ActiveCfg = Debug|Any CPU
		{5BD08239-325C-46DB-9F12-A8E7F4123F86}.Debug|Any CPU.Build.0 = Debug|Any CPU
		{5BD08239-325C-46DB-9F12-A8E7F4123F86}.Release|Any CPU.ActiveCfg = Release|Any CPU
		{5BD08239-325C-46DB-9F12-A8E7F4123F86}.Release|Any CPU.Build.0 = Release|Any CPU
		{4CBDD5C3-41AA-453D-AA7C-768E18AADC72}.Debug|Any CPU.ActiveCfg = Debug|Any CPU
		{4CBDD5C3-41AA-453D-AA7C-768E18AADC72}.Debug|Any CPU.Build.0 = Debug|Any CPU
		{4CBDD5C3-41AA-453D-AA7C-768E18AADC72}.Release|Any CPU.ActiveCfg = Release|Any CPU
		{4CBDD5C3-41AA-453D-AA7C-768E18AADC72}.Release|Any CPU.Build.0 = Release|Any CPU
	EndGlobalSection
	GlobalSection(SolutionProperties) = preSolution
		HideSolutionNode = FALSE
	EndGlobalSection
	GlobalSection(ExtensibilityGlobals) = postSolution
		SolutionGuid = {3519AD71-14A8-48F5-B136-BA163EAAA2F1}
	EndGlobalSection
EndGlobal
